// !$*UTF8*$!
{
	archiveVersion = 1;
	classes = {
	};
	objectVersion = 48;
	objects = {

/* Begin PBXBuildFile section */
		667F8390204AAE56001E0674 /* AppDelegate.swift in Sources */ = {isa = PBXBuildFile; fileRef = 667F838F204AAE56001E0674 /* AppDelegate.swift */; };
		667F8392204AAE56001E0674 /* ViewController.swift in Sources */ = {isa = PBXBuildFile; fileRef = 667F8391204AAE56001E0674 /* ViewController.swift */; };
		667F8395204AAE56001E0674 /* Main.storyboard in Resources */ = {isa = PBXBuildFile; fileRef = 667F8393204AAE56001E0674 /* Main.storyboard */; };
		667F8397204AAE56001E0674 /* Assets.xcassets in Resources */ = {isa = PBXBuildFile; fileRef = 667F8396204AAE56001E0674 /* Assets.xcassets */; };
		667F839A204AAE56001E0674 /* LaunchScreen.storyboard in Resources */ = {isa = PBXBuildFile; fileRef = 667F8398204AAE56001E0674 /* LaunchScreen.storyboard */; };
		667F83A4204AB168001E0674 /* DroidKufi-Bold.ttf in Resources */ = {isa = PBXBuildFile; fileRef = 667F83A2204AB168001E0674 /* DroidKufi-Bold.ttf */; };
		667F83A5204AB168001E0674 /* DroidKufi-Regular.ttf in Resources */ = {isa = PBXBuildFile; fileRef = 667F83A3204AB168001E0674 /* DroidKufi-Regular.ttf */; };
		667F83A7204AB2E4001E0674 /* CustomeButton.swift in Sources */ = {isa = PBXBuildFile; fileRef = 667F83A6204AB2E4001E0674 /* CustomeButton.swift */; };
/* End PBXBuildFile section */

/* Begin PBXFileReference section */
		667F838C204AAE56001E0674 /* swift-animation.app */ = {isa = PBXFileReference; explicitFileType = wrapper.application; includeInIndex = 0; path = "swift-animation.app"; sourceTree = BUILT_PRODUCTS_DIR; };
		667F838F204AAE56001E0674 /* AppDelegate.swift */ = {isa = PBXFileReference; lastKnownFileType = sourcecode.swift; path = AppDelegate.swift; sourceTree = "<group>"; };
		667F8391204AAE56001E0674 /* ViewController.swift */ = {isa = PBXFileReference; lastKnownFileType = sourcecode.swift; path = ViewController.swift; sourceTree = "<group>"; };
		667F8394204AAE56001E0674 /* Base */ = {isa = PBXFileReference; lastKnownFileType = file.storyboard; name = Base; path = Base.lproj/Main.storyboard; sourceTree = "<group>"; };
		667F8396204AAE56001E0674 /* Assets.xcassets */ = {isa = PBXFileReference; lastKnownFileType = folder.assetcatalog; path = Assets.xcassets; sourceTree = "<group>"; };
		667F8399204AAE56001E0674 /* Base */ = {isa = PBXFileReference; lastKnownFileType = file.storyboard; name = Base; path = Base.lproj/LaunchScreen.storyboard; sourceTree = "<group>"; };
		667F839B204AAE56001E0674 /* Info.plist */ = {isa = PBXFileReference; lastKnownFileType = text.plist.xml; path = Info.plist; sourceTree = "<group>"; };
		667F83A2204AB168001E0674 /* DroidKufi-Bold.ttf */ = {isa = PBXFileReference; lastKnownFileType = file; path = "DroidKufi-Bold.ttf"; sourceTree = "<group>"; };
		667F83A3204AB168001E0674 /* DroidKufi-Regular.ttf */ = {isa = PBXFileReference; lastKnownFileType = file; path = "DroidKufi-Regular.ttf"; sourceTree = "<group>"; };
		667F83A6204AB2E4001E0674 /* CustomeButton.swift */ = {isa = PBXFileReference; lastKnownFileType = sourcecode.swift; path = CustomeButton.swift; sourceTree = "<group>"; };
/* End PBXFileReference section */

/* Begin PBXFrameworksBuildPhase section */
		667F8389204AAE56001E0674 /* Frameworks */ = {
			isa = PBXFrameworksBuildPhase;
			buildActionMask = 2147483647;
			files = (
			);
			runOnlyForDeploymentPostprocessing = 0;
		};
/* End PBXFrameworksBuildPhase section */

/* Begin PBXGroup section */
		667F8383204AAE56001E0674 = {
			isa = PBXGroup;
			children = (
				667F838E204AAE56001E0674 /* swift-animation */,
				667F838D204AAE56001E0674 /* Products */,
			);
			sourceTree = "<group>";
		};
		667F838D204AAE56001E0674 /* Products */ = {
			isa = PBXGroup;
			children = (
				667F838C204AAE56001E0674 /* swift-animation.app */,
			);
			name = Products;
			sourceTree = "<group>";
		};
		667F838E204AAE56001E0674 /* swift-animation */ = {
			isa = PBXGroup;
			children = (
				667F83A1204AB146001E0674 /* Fonts */,
				667F838F204AAE56001E0674 /* AppDelegate.swift */,
				667F8391204AAE56001E0674 /* ViewController.swift */,
				667F83A6204AB2E4001E0674 /* CustomeButton.swift */,
				667F8393204AAE56001E0674 /* Main.storyboard */,
				667F8396204AAE56001E0674 /* Assets.xcassets */,
				667F8398204AAE56001E0674 /* LaunchScreen.storyboard */,
				667F839B204AAE56001E0674 /* Info.plist */,
			);
			path = "swift-animation";
			sourceTree = "<group>";
		};
		667F83A1204AB146001E0674 /* Fonts */ = {
			isa = PBXGroup;
			children = (
				667F83A2204AB168001E0674 /* DroidKufi-Bold.ttf */,
				667F83A3204AB168001E0674 /* DroidKufi-Regular.ttf */,
			);
			path = Fonts;
			sourceTree = "<group>";
		};
/* End PBXGroup section */

/* Begin PBXNativeTarget section */
		667F838B204AAE56001E0674 /* swift-animation */ = {
			isa = PBXNativeTarget;
			buildConfigurationList = 667F839E204AAE56001E0674 /* Build configuration list for PBXNativeTarget "swift-animation" */;
			buildPhases = (
				667F8388204AAE56001E0674 /* Sources */,
				667F8389204AAE56001E0674 /* Frameworks */,
				667F838A204AAE56001E0674 /* Resources */,
			);
			buildRules = (
			);
			dependencies = (
			);
			name = "swift-animation";
			productName = "swift-animation";
			productReference = 667F838C204AAE56001E0674 /* swift-animation.app */;
			productType = "com.apple.product-type.application";
		};
/* End PBXNativeTarget section */

/* Begin PBXProject section */
		667F8384204AAE56001E0674 /* Project object */ = {
			isa = PBXProject;
			attributes = {
				LastSwiftUpdateCheck = 0920;
				LastUpgradeCheck = 0920;
				ORGANIZATIONNAME = "Smart Visions";
				TargetAttributes = {
					667F838B204AAE56001E0674 = {
						CreatedOnToolsVersion = 9.2;
						ProvisioningStyle = Automatic;
					};
				};
			};
			buildConfigurationList = 667F8387204AAE56001E0674 /* Build configuration list for PBXProject "swift-animation" */;
			compatibilityVersion = "Xcode 8.0";
			developmentRegion = en;
			hasScannedForEncodings = 0;
			knownRegions = (
				en,
				Base,
			);
			mainGroup = 667F8383204AAE56001E0674;
			productRefGroup = 667F838D204AAE56001E0674 /* Products */;
			projectDirPath = "";
			projectRoot = "";
			targets = (
				667F838B204AAE56001E0674 /* swift-animation */,
			);
		};
/* End PBXProject section */

/* Begin PBXResourcesBuildPhase section */
		667F838A204AAE56001E0674 /* Resources */ = {
			isa = PBXResourcesBuildPhase;
			buildActionMask = 2147483647;
			files = (
				667F839A204AAE56001E0674 /* LaunchScreen.storyboard in Resources */,
				667F83A4204AB168001E0674 /* DroidKufi-Bold.ttf in Resources */,
				667F8397204AAE56001E0674 /* Assets.xcassets in Resources */,
				667F8395204AAE56001E0674 /* Main.storyboard in Resources */,
				667F83A5204AB168001E0674 /* DroidKufi-Regular.ttf in Resources */,
			);
			runOnlyForDeploymentPostprocessing = 0;
		};
/* End PBXResourcesBuildPhase section */

/* Begin PBXSourcesBuildPhase section */
		667F8388204AAE56001E0674 /* Sources */ = {
			isa = PBXSourcesBuildPhase;
			buildActionMask = 2147483647;
			files = (
				667F8392204AAE56001E0674 /* ViewController.swift in Sources */,
				667F8390204AAE56001E0674 /* AppDelegate.swift in Sources */,
				667F83A7204AB2E4001E0674 /* CustomeButton.swift in Sources */,
			);
			runOnlyForDeploymentPostprocessing = 0;
		};
/* End PBXSourcesBuildPhase section */

/* Begin PBXVariantGroup section */
		667F8393204AAE56001E0674 /* Main.storyboard */ = {
			isa = PBXVariantGroup;
			children = (
				667F8394204AAE56001E0674 /* Base */,
			);
			name = Main.storyboard;
			sourceTree = "<group>";
		};
		667F8398204AAE56001E0674 /* LaunchScreen.storyboard */ = {
			isa = PBXVariantGroup;
			children = (
				667F8399204AAE56001E0674 /* Base */,
			);
			name = LaunchScreen.storyboard;
			sourceTree = "<group>";
		};
/* End PBXVariantGroup section */

/* Begin XCBuildConfiguration section */
		667F839C204AAE56001E0674 /* Debug */ = {
			isa = XCBuildConfiguration;
			buildSettings = {
				ALWAYS_SEARCH_USER_PATHS = NO;
				CLANG_ANALYZER_NONNULL = YES;
				CLANG_ANALYZER_NUMBER_OBJECT_CONVERSION = YES_AGGRESSIVE;
				CLANG_CXX_LANGUAGE_STANDARD = "gnu++14";
				CLANG_CXX_LIBRARY = "libc++";
				CLANG_ENABLE_MODULES = YES;
				CLANG_ENABLE_OBJC_ARC = YES;
				CLANG_WARN_BLOCK_CAPTURE_AUTORELEASING = YES;
				CLANG_WARN_BOOL_CONVERSION = YES;
				CLANG_WARN_COMMA = YES;
				CLANG_WARN_CONSTANT_CONVERSION = YES;
				CLANG_WARN_DIRECT_OBJC_ISA_USAGE = YES_ERROR;
				CLANG_WARN_DOCUMENTATION_COMMENTS = YES;
				CLANG_WARN_EMPTY_BODY = YES;
				CLANG_WARN_ENUM_CONVERSION = YES;
				CLANG_WARN_INFINITE_RECURSION = YES;
				CLANG_WARN_INT_CONVERSION = YES;
				CLANG_WARN_NON_LITERAL_NULL_CONVERSION = YES;
				CLANG_WARN_OBJC_LITERAL_CONVERSION = YES;
				CLANG_WARN_OBJC_ROOT_CLASS = YES_ERROR;
				CLANG_WARN_RANGE_LOOP_ANALYSIS = YES;
				CLANG_WARN_STRICT_PROTOTYPES = YES;
				CLANG_WARN_SUSPICIOUS_MOVE = YES;
				CLANG_WARN_UNGUARDED_AVAILABILITY = YES_AGGRESSIVE;
				CLANG_WARN_UNREACHABLE_CODE = YES;
				CLANG_WARN__DUPLICATE_METHOD_MATCH = YES;
				CODE_SIGN_IDENTITY = "iPhone Developer";
				COPY_PHASE_STRIP = NO;
				DEBUG_INFORMATION_FORMAT = dwarf;
				ENABLE_STRICT_OBJC_MSGSEND = YES;
				ENABLE_TESTABILITY = YES;
				GCC_C_LANGUAGE_STANDARD = gnu11;
				GCC_DYNAMIC_NO_PIC = NO;
				GCC_NO_COMMON_BLOCKS = YES;
				GCC_OPTIMIZATION_LEVEL = 0;
				GCC_PREPROCESSOR_DEFINITIONS = (
					"DEBUG=1",
					"$(inherited)",
				);
				GCC_WARN_64_TO_32_BIT_CONVERSION = YES;
				GCC_WARN_ABOUT_RETURN_TYPE = YES_ERROR;
				GCC_WARN_UNDECLARED_SELECTOR = YES;
				GCC_WARN_UNINITIALIZED_AUTOS = YES_AGGRESSIVE;
				GCC_WARN_UNUSED_FUNCTION = YES;
				GCC_WARN_UNUSED_VARIABLE = YES;
				IPHONEOS_DEPLOYMENT_TARGET = 11.2;
				MTL_ENABLE_DEBUG_INFO = YES;
				ONLY_ACTIVE_ARCH = YES;
				SDKROOT = iphoneos;
				SWIFT_ACTIVE_COMPILATION_CONDITIONS = DEBUG;
				SWIFT_OPTIMIZATION_LEVEL = "-Onone";
			};
			name = Debug;
		};
		667F839D204AAE56001E0674 /* Release */ = {
			isa = XCBuildConfiguration;
			buildSettings = {
				ALWAYS_SEARCH_USER_PATHS = NO;
				CLANG_ANALYZER_NONNULL = YES;
				CLANG_ANALYZER_NUMBER_OBJECT_CONVERSION = YES_AGGRESSIVE;
				CLANG_CXX_LANGUAGE_STANDARD = "gnu++14";
				CLANG_CXX_LIBRARY = "libc++";
				CLANG_ENABLE_MODULES = YES;
				CLANG_ENABLE_OBJC_ARC = YES;
				CLANG_WARN_BLOCK_CAPTURE_AUTORELEASING = YES;
				CLANG_WARN_BOOL_CONVERSION = YES;
				CLANG_WARN_COMMA = YES;
				CLANG_WARN_CONSTANT_CONVERSION = YES;
				CLANG_WARN_DIRECT_OBJC_ISA_USAGE = YES_ERROR;
				CLANG_WARN_DOCUMENTATION_COMMENTS = YES;
				CLANG_WARN_EMPTY_BODY = YES;
				CLANG_WARN_ENUM_CONVERSION = YES;
				CLANG_WARN_INFINITE_RECURSION = YES;
				CLANG_WARN_INT_CONVERSION = YES;
				CLANG_WARN_NON_LITERAL_NULL_CONVERSION = YES;
				CLANG_WARN_OBJC_LITERAL_CONVERSION = YES;
				CLANG_WARN_OBJC_ROOT_CLASS = YES_ERROR;
				CLANG_WARN_RANGE_LOOP_ANALYSIS = YES;
				CLANG_WARN_STRICT_PROTOTYPES = YES;
				CLANG_WARN_SUSPICIOUS_MOVE = YES;
				CLANG_WARN_UNGUARDED_AVAILABILITY = YES_AGGRESSIVE;
				CLANG_WARN_UNREACHABLE_CODE = YES;
				CLANG_WARN__DUPLICATE_METHOD_MATCH = YES;
				CODE_SIGN_IDENTITY = "iPhone Developer";
				COPY_PHASE_STRIP = NO;
				DEBUG_INFORMATION_FORMAT = "dwarf-with-dsym";
				ENABLE_NS_ASSERTIONS = NO;
				ENABLE_STRICT_OBJC_MSGSEND = YES;
				GCC_C_LANGUAGE_STANDARD = gnu11;
				GCC_NO_COMMON_BLOCKS = YES;
				GCC_WARN_64_TO_32_BIT_CONVERSION = YES;
				GCC_WARN_ABOUT_RETURN_TYPE = YES_ERROR;
				GCC_WARN_UNDECLARED_SELECTOR = YES;
				GCC_WARN_UNINITIALIZED_AUTOS = YES_AGGRESSIVE;
				GCC_WARN_UNUSED_FUNCTION = YES;
				GCC_WARN_UNUSED_VARIABLE = YES;
				IPHONEOS_DEPLOYMENT_TARGET = 11.2;
				MTL_ENABLE_DEBUG_INFO = NO;
				SDKROOT = iphoneos;
				SWIFT_OPTIMIZATION_LEVEL = "-Owholemodule";
				VALIDATE_PRODUCT = YES;
			};
			name = Release;
		};
		667F839F204AAE56001E0674 /* Debug */ = {
			isa = XCBuildConfiguration;
			buildSettings = {
				ASSETCATALOG_COMPILER_APPICON_NAME = AppIcon;
				CODE_SIGN_STYLE = Automatic;
				DEVELOPMENT_TEAM = W4FS8EAMP7;
				INFOPLIST_FILE = "swift-animation/Info.plist";
				LD_RUNPATH_SEARCH_PATHS = "$(inherited) @executable_path/Frameworks";
				PRODUCT_BUNDLE_IDENTIFIER = "smartvisions.swift-animation";
				PRODUCT_NAME = "$(TARGET_NAME)";
				SWIFT_VERSION = 4.0;
				TARGETED_DEVICE_FAMILY = "1,2";
			};
			name = Debug;
		};
		667F83A0204AAE56001E0674 /* Release */ = {
			isa = XCBuildConfiguration;
			buildSettings = {
				ASSETCATALOG_COMPILER_APPICON_NAME = AppIcon;
				CODE_SIGN_STYLE = Automatic;
				DEVELOPMENT_TEAM = W4FS8EAMP7;
				INFOPLIST_FILE = "swift-animation/Info.plist";
				LD_RUNPATH_SEARCH_PATHS = "$(inherited) @executable_path/Frameworks";
				PRODUCT_BUNDLE_IDENTIFIER = "smartvisions.swift-animation";
				PRODUCT_NAME = "$(TARGET_NAME)";
				SWIFT_VERSION = 4.0;
				TARGETED_DEVICE_FAMILY = "1,2";
			};
			name = Release;
		};
/* End XCBuildConfiguration section */

/* Begin XCConfigurationList section */
		667F8387204AAE56001E0674 /* Build configuration list for PBXProject "swift-animation" */ = {
			isa = XCConfigurationList;
			buildConfigurations = (
				667F839C204AAE56001E0674 /* Debug */,
				667F839D204AAE56001E0674 /* Release */,
			);
			defaultConfigurationIsVisible = 0;
			defaultConfigurationName = Release;
		};
		667F839E204AAE56001E0674 /* Build configuration list for PBXNativeTarget "swift-animation" */ = {
			isa = XCConfigurationList;
			buildConfigurations = (
				667F839F204AAE56001E0674 /* Debug */,
				667F83A0204AAE56001E0674 /* Release */,
			);
			defaultConfigurationIsVisible = 0;
			defaultConfigurationName = Release;
		};
/* End XCConfigurationList section */
	};
	rootObject = 667F8384204AAE56001E0674 /* Project object */;
}
